// !$*UTF8*$!
{
	archiveVersion = 1;
	classes = {
	};
	objectVersion = 50;
	objects = {

/* Begin PBXBuildFile section */
		D0C6CB3A228BB27500DC0598 /* AppDelegate.swift in Sources */ = {isa = PBXBuildFile; fileRef = D0C6CB39228BB27500DC0598 /* AppDelegate.swift */; };
		D0C6CB3C228BB27500DC0598 /* GameScene.sks in Resources */ = {isa = PBXBuildFile; fileRef = D0C6CB3B228BB27500DC0598 /* GameScene.sks */; };
		D0C6CB3E228BB27500DC0598 /* Actions.sks in Resources */ = {isa = PBXBuildFile; fileRef = D0C6CB3D228BB27500DC0598 /* Actions.sks */; };
		D0C6CB40228BB27500DC0598 /* GameScene.swift in Sources */ = {isa = PBXBuildFile; fileRef = D0C6CB3F228BB27500DC0598 /* GameScene.swift */; };
		D0C6CB42228BB27500DC0598 /* GameViewController.swift in Sources */ = {isa = PBXBuildFile; fileRef = D0C6CB41228BB27500DC0598 /* GameViewController.swift */; };
		D0C6CB45228BB27500DC0598 /* Main.storyboard in Resources */ = {isa = PBXBuildFile; fileRef = D0C6CB43228BB27500DC0598 /* Main.storyboard */; };
		D0C6CB47228BB27600DC0598 /* Assets.xcassets in Resources */ = {isa = PBXBuildFile; fileRef = D0C6CB46228BB27600DC0598 /* Assets.xcassets */; };
		D0C6CB4A228BB27600DC0598 /* LaunchScreen.storyboard in Resources */ = {isa = PBXBuildFile; fileRef = D0C6CB48228BB27600DC0598 /* LaunchScreen.storyboard */; };
		D0C6CB55228BB27600DC0598 /* BeeleTests.swift in Sources */ = {isa = PBXBuildFile; fileRef = D0C6CB54228BB27600DC0598 /* BeeleTests.swift */; };
		D0C6CB60228BB27600DC0598 /* BeeleUITests.swift in Sources */ = {isa = PBXBuildFile; fileRef = D0C6CB5F228BB27600DC0598 /* BeeleUITests.swift */; };
		D0C6CB78228BBB7300DC0598 /* GameElements.swift in Sources */ = {isa = PBXBuildFile; fileRef = D0C6CB77228BBB7200DC0598 /* GameElements.swift */; };
		D0C6CB7D228BBD2B00DC0598 /* player.atlas in Resources */ = {isa = PBXBuildFile; fileRef = D0C6CB7C228BBD2B00DC0598 /* player.atlas */; };
/* End PBXBuildFile section */

/* Begin PBXContainerItemProxy section */
		D0C6CB51228BB27600DC0598 /* PBXContainerItemProxy */ = {
			isa = PBXContainerItemProxy;
			containerPortal = D0C6CB2E228BB27500DC0598 /* Project object */;
			proxyType = 1;
			remoteGlobalIDString = D0C6CB35228BB27500DC0598;
			remoteInfo = Beele;
		};
		D0C6CB5C228BB27600DC0598 /* PBXContainerItemProxy */ = {
			isa = PBXContainerItemProxy;
			containerPortal = D0C6CB2E228BB27500DC0598 /* Project object */;
			proxyType = 1;
			remoteGlobalIDString = D0C6CB35228BB27500DC0598;
			remoteInfo = Beele;
		};
/* End PBXContainerItemProxy section */

/* Begin PBXFileReference section */
		D0C6CB36228BB27500DC0598 /* Beele.app */ = {isa = PBXFileReference; explicitFileType = wrapper.application; includeInIndex = 0; path = Beele.app; sourceTree = BUILT_PRODUCTS_DIR; };
		D0C6CB39228BB27500DC0598 /* AppDelegate.swift */ = {isa = PBXFileReference; lastKnownFileType = sourcecode.swift; path = AppDelegate.swift; sourceTree = "<group>"; };
		D0C6CB3B228BB27500DC0598 /* GameScene.sks */ = {isa = PBXFileReference; lastKnownFileType = file.sks; path = GameScene.sks; sourceTree = "<group>"; };
		D0C6CB3D228BB27500DC0598 /* Actions.sks */ = {isa = PBXFileReference; lastKnownFileType = file.sks; path = Actions.sks; sourceTree = "<group>"; };
		D0C6CB3F228BB27500DC0598 /* GameScene.swift */ = {isa = PBXFileReference; lastKnownFileType = sourcecode.swift; path = GameScene.swift; sourceTree = "<group>"; };
		D0C6CB41228BB27500DC0598 /* GameViewController.swift */ = {isa = PBXFileReference; lastKnownFileType = sourcecode.swift; path = GameViewController.swift; sourceTree = "<group>"; };
		D0C6CB44228BB27500DC0598 /* Base */ = {isa = PBXFileReference; lastKnownFileType = file.storyboard; name = Base; path = Base.lproj/Main.storyboard; sourceTree = "<group>"; };
		D0C6CB46228BB27600DC0598 /* Assets.xcassets */ = {isa = PBXFileReference; lastKnownFileType = folder.assetcatalog; path = Assets.xcassets; sourceTree = "<group>"; };
		D0C6CB49228BB27600DC0598 /* Base */ = {isa = PBXFileReference; lastKnownFileType = file.storyboard; name = Base; path = Base.lproj/LaunchScreen.storyboard; sourceTree = "<group>"; };
		D0C6CB4B228BB27600DC0598 /* Info.plist */ = {isa = PBXFileReference; lastKnownFileType = text.plist.xml; path = Info.plist; sourceTree = "<group>"; };
		D0C6CB50228BB27600DC0598 /* BeeleTests.xctest */ = {isa = PBXFileReference; explicitFileType = wrapper.cfbundle; includeInIndex = 0; path = BeeleTests.xctest; sourceTree = BUILT_PRODUCTS_DIR; };
		D0C6CB54228BB27600DC0598 /* BeeleTests.swift */ = {isa = PBXFileReference; lastKnownFileType = sourcecode.swift; path = BeeleTests.swift; sourceTree = "<group>"; };
		D0C6CB56228BB27600DC0598 /* Info.plist */ = {isa = PBXFileReference; lastKnownFileType = text.plist.xml; path = Info.plist; sourceTree = "<group>"; };
		D0C6CB5B228BB27600DC0598 /* BeeleUITests.xctest */ = {isa = PBXFileReference; explicitFileType = wrapper.cfbundle; includeInIndex = 0; path = BeeleUITests.xctest; sourceTree = BUILT_PRODUCTS_DIR; };
		D0C6CB5F228BB27600DC0598 /* BeeleUITests.swift */ = {isa = PBXFileReference; lastKnownFileType = sourcecode.swift; path = BeeleUITests.swift; sourceTree = "<group>"; };
		D0C6CB61228BB27600DC0598 /* Info.plist */ = {isa = PBXFileReference; lastKnownFileType = text.plist.xml; path = Info.plist; sourceTree = "<group>"; };
		D0C6CB77228BBB7200DC0598 /* GameElements.swift */ = {isa = PBXFileReference; fileEncoding = 4; lastKnownFileType = sourcecode.swift; path = GameElements.swift; sourceTree = "<group>"; };
		D0C6CB7C228BBD2B00DC0598 /* player.atlas */ = {isa = PBXFileReference; lastKnownFileType = folder.skatlas; name = player.atlas; path = "../../../../../../Volumes/My Passport for Mac/NewMacDocumets/Beetle/Beetle/player.atlas"; sourceTree = "<group>"; };
/* End PBXFileReference section */

/* Begin PBXFrameworksBuildPhase section */
		D0C6CB33228BB27500DC0598 /* Frameworks */ = {
			isa = PBXFrameworksBuildPhase;
			buildActionMask = 2147483647;
			files = (
			);
			runOnlyForDeploymentPostprocessing = 0;
		};
		D0C6CB4D228BB27600DC0598 /* Frameworks */ = {
			isa = PBXFrameworksBuildPhase;
			buildActionMask = 2147483647;
			files = (
			);
			runOnlyForDeploymentPostprocessing = 0;
		};
		D0C6CB58228BB27600DC0598 /* Frameworks */ = {
			isa = PBXFrameworksBuildPhase;
			buildActionMask = 2147483647;
			files = (
			);
			runOnlyForDeploymentPostprocessing = 0;
		};
/* End PBXFrameworksBuildPhase section */

/* Begin PBXGroup section */
		D0C6CB2D228BB27500DC0598 = {
			isa = PBXGroup;
			children = (
				D0C6CB38228BB27500DC0598 /* Beele */,
				D0C6CB53228BB27600DC0598 /* BeeleTests */,
				D0C6CB5E228BB27600DC0598 /* BeeleUITests */,
				D0C6CB37228BB27500DC0598 /* Products */,
			);
			sourceTree = "<group>";
		};
		D0C6CB37228BB27500DC0598 /* Products */ = {
			isa = PBXGroup;
			children = (
				D0C6CB36228BB27500DC0598 /* Beele.app */,
				D0C6CB50228BB27600DC0598 /* BeeleTests.xctest */,
				D0C6CB5B228BB27600DC0598 /* BeeleUITests.xctest */,
			);
			name = Products;
			sourceTree = "<group>";
		};
		D0C6CB38228BB27500DC0598 /* Beele */ = {
			isa = PBXGroup;
			children = (
				D0C6CB39228BB27500DC0598 /* AppDelegate.swift */,
				D0C6CB3B228BB27500DC0598 /* GameScene.sks */,
				D0C6CB3D228BB27500DC0598 /* Actions.sks */,
				D0C6CB3F228BB27500DC0598 /* GameScene.swift */,
				D0C6CB77228BBB7200DC0598 /* GameElements.swift */,
				D0C6CB41228BB27500DC0598 /* GameViewController.swift */,
				D0C6CB43228BB27500DC0598 /* Main.storyboard */,
				D0C6CB46228BB27600DC0598 /* Assets.xcassets */,
				D0C6CB48228BB27600DC0598 /* LaunchScreen.storyboard */,
				D0C6CB4B228BB27600DC0598 /* Info.plist */,
				D0C6CB7C228BBD2B00DC0598 /* player.atlas */,
			);
			path = Beele;
			sourceTree = "<group>";
		};
		D0C6CB53228BB27600DC0598 /* BeeleTests */ = {
			isa = PBXGroup;
			children = (
				D0C6CB54228BB27600DC0598 /* BeeleTests.swift */,
				D0C6CB56228BB27600DC0598 /* Info.plist */,
			);
			path = BeeleTests;
			sourceTree = "<group>";
		};
		D0C6CB5E228BB27600DC0598 /* BeeleUITests */ = {
			isa = PBXGroup;
			children = (
				D0C6CB5F228BB27600DC0598 /* BeeleUITests.swift */,
				D0C6CB61228BB27600DC0598 /* Info.plist */,
			);
			path = BeeleUITests;
			sourceTree = "<group>";
		};
/* End PBXGroup section */

/* Begin PBXNativeTarget section */
		D0C6CB35228BB27500DC0598 /* Beele */ = {
			isa = PBXNativeTarget;
			buildConfigurationList = D0C6CB64228BB27600DC0598 /* Build configuration list for PBXNativeTarget "Beele" */;
			buildPhases = (
				D0C6CB32228BB27500DC0598 /* Sources */,
				D0C6CB33228BB27500DC0598 /* Frameworks */,
				D0C6CB34228BB27500DC0598 /* Resources */,
			);
			buildRules = (
			);
			dependencies = (
			);
			name = Beele;
			productName = Beele;
			productReference = D0C6CB36228BB27500DC0598 /* Beele.app */;
			productType = "com.apple.product-type.application";
		};
		D0C6CB4F228BB27600DC0598 /* BeeleTests */ = {
			isa = PBXNativeTarget;
			buildConfigurationList = D0C6CB67228BB27600DC0598 /* Build configuration list for PBXNativeTarget "BeeleTests" */;
			buildPhases = (
				D0C6CB4C228BB27600DC0598 /* Sources */,
				D0C6CB4D228BB27600DC0598 /* Frameworks */,
				D0C6CB4E228BB27600DC0598 /* Resources */,
			);
			buildRules = (
			);
			dependencies = (
				D0C6CB52228BB27600DC0598 /* PBXTargetDependency */,
			);
			name = BeeleTests;
			productName = BeeleTests;
			productReference = D0C6CB50228BB27600DC0598 /* BeeleTests.xctest */;
			productType = "com.apple.product-type.bundle.unit-test";
		};
		D0C6CB5A228BB27600DC0598 /* BeeleUITests */ = {
			isa = PBXNativeTarget;
			buildConfigurationList = D0C6CB6A228BB27600DC0598 /* Build configuration list for PBXNativeTarget "BeeleUITests" */;
			buildPhases = (
				D0C6CB57228BB27600DC0598 /* Sources */,
				D0C6CB58228BB27600DC0598 /* Frameworks */,
				D0C6CB59228BB27600DC0598 /* Resources */,
			);
			buildRules = (
			);
			dependencies = (
				D0C6CB5D228BB27600DC0598 /* PBXTargetDependency */,
			);
			name = BeeleUITests;
			productName = BeeleUITests;
			productReference = D0C6CB5B228BB27600DC0598 /* BeeleUITests.xctest */;
			productType = "com.apple.product-type.bundle.ui-testing";
		};
/* End PBXNativeTarget section */

/* Begin PBXProject section */
		D0C6CB2E228BB27500DC0598 /* Project object */ = {
			isa = PBXProject;
			attributes = {
				LastSwiftUpdateCheck = 0940;
				LastUpgradeCheck = 0940;
				ORGANIZATIONNAME = GerryANDJed;
				TargetAttributes = {
					D0C6CB35228BB27500DC0598 = {
						CreatedOnToolsVersion = 9.4.1;
					};
					D0C6CB4F228BB27600DC0598 = {
						CreatedOnToolsVersion = 9.4.1;
						TestTargetID = D0C6CB35228BB27500DC0598;
					};
					D0C6CB5A228BB27600DC0598 = {
						CreatedOnToolsVersion = 9.4.1;
						TestTargetID = D0C6CB35228BB27500DC0598;
					};
				};
			};
			buildConfigurationList = D0C6CB31228BB27500DC0598 /* Build configuration list for PBXProject "Beele" */;
			compatibilityVersion = "Xcode 9.3";
			developmentRegion = en;
			hasScannedForEncodings = 0;
			knownRegions = (
				en,
				Base,
			);
			mainGroup = D0C6CB2D228BB27500DC0598;
			productRefGroup = D0C6CB37228BB27500DC0598 /* Products */;
			projectDirPath = "";
			projectRoot = "";
			targets = (
				D0C6CB35228BB27500DC0598 /* Beele */,
				D0C6CB4F228BB27600DC0598 /* BeeleTests */,
				D0C6CB5A228BB27600DC0598 /* BeeleUITests */,
			);
		};
/* End PBXProject section */

/* Begin PBXResourcesBuildPhase section */
		D0C6CB34228BB27500DC0598 /* Resources */ = {
			isa = PBXResourcesBuildPhase;
			buildActionMask = 2147483647;
			files = (
				D0C6CB45228BB27500DC0598 /* Main.storyboard in Resources */,
				D0C6CB3C228BB27500DC0598 /* GameScene.sks in Resources */,
				D0C6CB47228BB27600DC0598 /* Assets.xcassets in Resources */,
				D0C6CB7D228BBD2B00DC0598 /* player.atlas in Resources */,
				D0C6CB4A228BB27600DC0598 /* LaunchScreen.storyboard in Resources */,
				D0C6CB3E228BB27500DC0598 /* Actions.sks in Resources */,
			);
			runOnlyForDeploymentPostprocessing = 0;
		};
		D0C6CB4E228BB27600DC0598 /* Resources */ = {
			isa = PBXResourcesBuildPhase;
			buildActionMask = 2147483647;
			files = (
			);
			runOnlyForDeploymentPostprocessing = 0;
		};
		D0C6CB59228BB27600DC0598 /* Resources */ = {
			isa = PBXResourcesBuildPhase;
			buildActionMask = 2147483647;
			files = (
			);
			runOnlyForDeploymentPostprocessing = 0;
		};
/* End PBXResourcesBuildPhase section */

/* Begin PBXSourcesBuildPhase section */
		D0C6CB32228BB27500DC0598 /* Sources */ = {
			isa = PBXSourcesBuildPhase;
			buildActionMask = 2147483647;
			files = (
				D0C6CB78228BBB7300DC0598 /* GameElements.swift in Sources */,
				D0C6CB40228BB27500DC0598 /* GameScene.swift in Sources */,
				D0C6CB42228BB27500DC0598 /* GameViewController.swift in Sources */,
				D0C6CB3A228BB27500DC0598 /* AppDelegate.swift in Sources */,
			);
			runOnlyForDeploymentPostprocessing = 0;
		};
		D0C6CB4C228BB27600DC0598 /* Sources */ = {
			isa = PBXSourcesBuildPhase;
			buildActionMask = 2147483647;
			files = (
				D0C6CB55228BB27600DC0598 /* BeeleTests.swift in Sources */,
			);
			runOnlyForDeploymentPostprocessing = 0;
		};
		D0C6CB57228BB27600DC0598 /* Sources */ = {
			isa = PBXSourcesBuildPhase;
			buildActionMask = 2147483647;
			files = (
				D0C6CB60228BB27600DC0598 /* BeeleUITests.swift in Sources */,
			);
			runOnlyForDeploymentPostprocessing = 0;
		};
/* End PBXSourcesBuildPhase section */

/* Begin PBXTargetDependency section */
		D0C6CB52228BB27600DC0598 /* PBXTargetDependency */ = {
			isa = PBXTargetDependency;
			target = D0C6CB35228BB27500DC0598 /* Beele */;
			targetProxy = D0C6CB51228BB27600DC0598 /* PBXContainerItemProxy */;
		};
		D0C6CB5D228BB27600DC0598 /* PBXTargetDependency */ = {
			isa = PBXTargetDependency;
			target = D0C6CB35228BB27500DC0598 /* Beele */;
			targetProxy = D0C6CB5C228BB27600DC0598 /* PBXContainerItemProxy */;
		};
/* End PBXTargetDependency section */

/* Begin PBXVariantGroup section */
		D0C6CB43228BB27500DC0598 /* Main.storyboard */ = {
			isa = PBXVariantGroup;
			children = (
				D0C6CB44228BB27500DC0598 /* Base */,
			);
			name = Main.storyboard;
			sourceTree = "<group>";
		};
		D0C6CB48228BB27600DC0598 /* LaunchScreen.storyboard */ = {
			isa = PBXVariantGroup;
			children = (
				D0C6CB49228BB27600DC0598 /* Base */,
			);
			name = LaunchScreen.storyboard;
			sourceTree = "<group>";
		};
/* End PBXVariantGroup section */

/* Begin XCBuildConfiguration section */
		D0C6CB62228BB27600DC0598 /* Debug */ = {
			isa = XCBuildConfiguration;
			buildSettings = {
				ALWAYS_SEARCH_USER_PATHS = NO;
				CLANG_ANALYZER_NONNULL = YES;
				CLANG_ANALYZER_NUMBER_OBJECT_CONVERSION = YES_AGGRESSIVE;
				CLANG_CXX_LANGUAGE_STANDARD = "gnu++14";
				CLANG_CXX_LIBRARY = "libc++";
				CLANG_ENABLE_MODULES = YES;
				CLANG_ENABLE_OBJC_ARC = YES;
				CLANG_ENABLE_OBJC_WEAK = YES;
				CLANG_WARN_BLOCK_CAPTURE_AUTORELEASING = YES;
				CLANG_WARN_BOOL_CONVERSION = YES;
				CLANG_WARN_COMMA = YES;
				CLANG_WARN_CONSTANT_CONVERSION = YES;
				CLANG_WARN_DEPRECATED_OBJC_IMPLEMENTATIONS = YES;
				CLANG_WARN_DIRECT_OBJC_ISA_USAGE = YES_ERROR;
				CLANG_WARN_DOCUMENTATION_COMMENTS = YES;
				CLANG_WARN_EMPTY_BODY = YES;
				CLANG_WARN_ENUM_CONVERSION = YES;
				CLANG_WARN_INFINITE_RECURSION = YES;
				CLANG_WARN_INT_CONVERSION = YES;
				CLANG_WARN_NON_LITERAL_NULL_CONVERSION = YES;
				CLANG_WARN_OBJC_IMPLICIT_RETAIN_SELF = YES;
				CLANG_WARN_OBJC_LITERAL_CONVERSION = YES;
				CLANG_WARN_OBJC_ROOT_CLASS = YES_ERROR;
				CLANG_WARN_RANGE_LOOP_ANALYSIS = YES;
				CLANG_WARN_STRICT_PROTOTYPES = YES;
				CLANG_WARN_SUSPICIOUS_MOVE = YES;
				CLANG_WARN_UNGUARDED_AVAILABILITY = YES_AGGRESSIVE;
				CLANG_WARN_UNREACHABLE_CODE = YES;
				CLANG_WARN__DUPLICATE_METHOD_MATCH = YES;
				CODE_SIGN_IDENTITY = "iPhone Developer";
				COPY_PHASE_STRIP = NO;
				DEBUG_INFORMATION_FORMAT = dwarf;
				ENABLE_STRICT_OBJC_MSGSEND = YES;
				ENABLE_TESTABILITY = YES;
				GCC_C_LANGUAGE_STANDARD = gnu11;
				GCC_DYNAMIC_NO_PIC = NO;
				GCC_NO_COMMON_BLOCKS = YES;
				GCC_OPTIMIZATION_LEVEL = 0;
				GCC_PREPROCESSOR_DEFINITIONS = (
					"DEBUG=1",
					"$(inherited)",
				);
				GCC_WARN_64_TO_32_BIT_CONVERSION = YES;
				GCC_WARN_ABOUT_RETURN_TYPE = YES_ERROR;
				GCC_WARN_UNDECLARED_SELECTOR = YES;
				GCC_WARN_UNINITIALIZED_AUTOS = YES_AGGRESSIVE;
				GCC_WARN_UNUSED_FUNCTION = YES;
				GCC_WARN_UNUSED_VARIABLE = YES;
				IPHONEOS_DEPLOYMENT_TARGET = 11.4;
				MTL_ENABLE_DEBUG_INFO = YES;
				ONLY_ACTIVE_ARCH = YES;
				SDKROOT = iphoneos;
				SWIFT_ACTIVE_COMPILATION_CONDITIONS = DEBUG;
				SWIFT_OPTIMIZATION_LEVEL = "-Onone";
			};
			name = Debug;
		};
		D0C6CB63228BB27600DC0598 /* Release */ = {
			isa = XCBuildConfiguration;
			buildSettings = {
				ALWAYS_SEARCH_USER_PATHS = NO;
				CLANG_ANALYZER_NONNULL = YES;
				CLANG_ANALYZER_NUMBER_OBJECT_CONVERSION = YES_AGGRESSIVE;
				CLANG_CXX_LANGUAGE_STANDARD = "gnu++14";
				CLANG_CXX_LIBRARY = "libc++";
				CLANG_ENABLE_MODULES = YES;
				CLANG_ENABLE_OBJC_ARC = YES;
				CLANG_ENABLE_OBJC_WEAK = YES;
				CLANG_WARN_BLOCK_CAPTURE_AUTORELEASING = YES;
				CLANG_WARN_BOOL_CONVERSION = YES;
				CLANG_WARN_COMMA = YES;
				CLANG_WARN_CONSTANT_CONVERSION = YES;
				CLANG_WARN_DEPRECATED_OBJC_IMPLEMENTATIONS = YES;
				CLANG_WARN_DIRECT_OBJC_ISA_USAGE = YES_ERROR;
				CLANG_WARN_DOCUMENTATION_COMMENTS = YES;
				CLANG_WARN_EMPTY_BODY = YES;
				CLANG_WARN_ENUM_CONVERSION = YES;
				CLANG_WARN_INFINITE_RECURSION = YES;
				CLANG_WARN_INT_CONVERSION = YES;
				CLANG_WARN_NON_LITERAL_NULL_CONVERSION = YES;
				CLANG_WARN_OBJC_IMPLICIT_RETAIN_SELF = YES;
				CLANG_WARN_OBJC_LITERAL_CONVERSION = YES;
				CLANG_WARN_OBJC_ROOT_CLASS = YES_ERROR;
				CLANG_WARN_RANGE_LOOP_ANALYSIS = YES;
				CLANG_WARN_STRICT_PROTOTYPES = YES;
				CLANG_WARN_SUSPICIOUS_MOVE = YES;
				CLANG_WARN_UNGUARDED_AVAILABILITY = YES_AGGRESSIVE;
				CLANG_WARN_UNREACHABLE_CODE = YES;
				CLANG_WARN__DUPLICATE_METHOD_MATCH = YES;
				CODE_SIGN_IDENTITY = "iPhone Developer";
				COPY_PHASE_STRIP = NO;
				DEBUG_INFORMATION_FORMAT = "dwarf-with-dsym";
				ENABLE_NS_ASSERTIONS = NO;
				ENABLE_STRICT_OBJC_MSGSEND = YES;
				GCC_C_LANGUAGE_STANDARD = gnu11;
				GCC_NO_COMMON_BLOCKS = YES;
				GCC_WARN_64_TO_32_BIT_CONVERSION = YES;
				GCC_WARN_ABOUT_RETURN_TYPE = YES_ERROR;
				GCC_WARN_UNDECLARED_SELECTOR = YES;
				GCC_WARN_UNINITIALIZED_AUTOS = YES_AGGRESSIVE;
				GCC_WARN_UNUSED_FUNCTION = YES;
				GCC_WARN_UNUSED_VARIABLE = YES;
				IPHONEOS_DEPLOYMENT_TARGET = 11.4;
				MTL_ENABLE_DEBUG_INFO = NO;
				SDKROOT = iphoneos;
				SWIFT_COMPILATION_MODE = wholemodule;
				SWIFT_OPTIMIZATION_LEVEL = "-O";
				VALIDATE_PRODUCT = YES;
			};
			name = Release;
		};
		D0C6CB65228BB27600DC0598 /* Debug */ = {
			isa = XCBuildConfiguration;
			buildSettings = {
				ASSETCATALOG_COMPILER_APPICON_NAME = AppIcon;
				CODE_SIGN_STYLE = Automatic;
				DEVELOPMENT_TEAM = U74D85T356;
				INFOPLIST_FILE = Beele/Info.plist;
				LD_RUNPATH_SEARCH_PATHS = (
					"$(inherited)",
					"@executable_path/Frameworks",
				);
				PRODUCT_BUNDLE_IDENTIFIER = test.Beele;
				PRODUCT_NAME = "$(TARGET_NAME)";
				SWIFT_VERSION = 4.0;
				TARGETED_DEVICE_FAMILY = "1,2";
			};
			name = Debug;
		};
		D0C6CB66228BB27600DC0598 /* Release */ = {
			isa = XCBuildConfiguration;
			buildSettings = {
				ASSETCATALOG_COMPILER_APPICON_NAME = AppIcon;
				CODE_SIGN_STYLE = Automatic;
				DEVELOPMENT_TEAM = U74D85T356;
				INFOPLIST_FILE = Beele/Info.plist;
				LD_RUNPATH_SEARCH_PATHS = (
					"$(inherited)",
					"@executable_path/Frameworks",
				);
				PRODUCT_BUNDLE_IDENTIFIER = test.Beele;
				PRODUCT_NAME = "$(TARGET_NAME)";
				SWIFT_VERSION = 4.0;
				TARGETED_DEVICE_FAMILY = "1,2";
			};
			name = Release;
		};
		D0C6CB68228BB27600DC0598 /* Debug */ = {
			isa = XCBuildConfiguration;
			buildSettings = {
				ALWAYS_EMBED_SWIFT_STANDARD_LIBRARIES = YES;
				BUNDLE_LOADER = "$(TEST_HOST)";
				CODE_SIGN_STYLE = Automatic;
				DEVELOPMENT_TEAM = U74D85T356;
				INFOPLIST_FILE = BeeleTests/Info.plist;
				LD_RUNPATH_SEARCH_PATHS = (
					"$(inherited)",
					"@executable_path/Frameworks",
					"@loader_path/Frameworks",
				);
				PRODUCT_BUNDLE_IDENTIFIER = test.BeeleTests;
				PRODUCT_NAME = "$(TARGET_NAME)";
				SWIFT_VERSION = 4.0;
				TARGETED_DEVICE_FAMILY = "1,2";
				TEST_HOST = "$(BUILT_PRODUCTS_DIR)/Beele.app/Beele";
			};
			name = Debug;
		};
		D0C6CB69228BB27600DC0598 /* Release */ = {
			isa = XCBuildConfiguration;
			buildSettings = {
				ALWAYS_EMBED_SWIFT_STANDARD_LIBRARIES = YES;
				BUNDLE_LOADER = "$(TEST_HOST)";
				CODE_SIGN_STYLE = Automatic;
				DEVELOPMENT_TEAM = U74D85T356;
				INFOPLIST_FILE = BeeleTests/Info.plist;
				LD_RUNPATH_SEARCH_PATHS = (
					"$(inherited)",
					"@executable_path/Frameworks",
					"@loader_path/Frameworks",
				);
				PRODUCT_BUNDLE_IDENTIFIER = test.BeeleTests;
				PRODUCT_NAME = "$(TARGET_NAME)";
				SWIFT_VERSION = 4.0;
				TARGETED_DEVICE_FAMILY = "1,2";
				TEST_HOST = "$(BUILT_PRODUCTS_DIR)/Beele.app/Beele";
			};
			name = Release;
		};
		D0C6CB6B228BB27600DC0598 /* Debug */ = {
			isa = XCBuildConfiguration;
			buildSettings = {
				ALWAYS_EMBED_SWIFT_STANDARD_LIBRARIES = YES;
				CODE_SIGN_STYLE = Automatic;
				DEVELOPMENT_TEAM = U74D85T356;
				INFOPLIST_FILE = BeeleUITests/Info.plist;
				LD_RUNPATH_SEARCH_PATHS = (
					"$(inherited)",
					"@executable_path/Frameworks",
					"@loader_path/Frameworks",
				);
				PRODUCT_BUNDLE_IDENTIFIER = test.BeeleUITests;
				PRODUCT_NAME = "$(TARGET_NAME)";
				SWIFT_VERSION = 4.0;
				TARGETED_DEVICE_FAMILY = "1,2";
				TEST_TARGET_NAME = Beele;
			};
			name = Debug;
		};
		D0C6CB6C228BB27600DC0598 /* Release */ = {
			isa = XCBuildConfiguration;
			buildSettings = {
				ALWAYS_EMBED_SWIFT_STANDARD_LIBRARIES = YES;
				CODE_SIGN_STYLE = Automatic;
				DEVELOPMENT_TEAM = U74D85T356;
				INFOPLIST_FILE = BeeleUITests/Info.plist;
				LD_RUNPATH_SEARCH_PATHS = (
					"$(inherited)",
					"@executable_path/Frameworks",
					"@loader_path/Frameworks",
				);
				PRODUCT_BUNDLE_IDENTIFIER = test.BeeleUITests;
				PRODUCT_NAME = "$(TARGET_NAME)";
				SWIFT_VERSION = 4.0;
				TARGETED_DEVICE_FAMILY = "1,2";
				TEST_TARGET_NAME = Beele;
			};
			name = Release;
		};
/* End XCBuildConfiguration section */

/* Begin XCConfigurationList section */
		D0C6CB31228BB27500DC0598 /* Build configuration list for PBXProject "Beele" */ = {
			isa = XCConfigurationList;
			buildConfigurations = (
				D0C6CB62228BB27600DC0598 /* Debug */,
				D0C6CB63228BB27600DC0598 /* Release */,
			);
			defaultConfigurationIsVisible = 0;
			defaultConfigurationName = Release;
		};
		D0C6CB64228BB27600DC0598 /* Build configuration list for PBXNativeTarget "Beele" */ = {
			isa = XCConfigurationList;
			buildConfigurations = (
				D0C6CB65228BB27600DC0598 /* Debug */,
				D0C6CB66228BB27600DC0598 /* Release */,
			);
			defaultConfigurationIsVisible = 0;
			defaultConfigurationName = Release;
		};
		D0C6CB67228BB27600DC0598 /* Build configuration list for PBXNativeTarget "BeeleTests" */ = {
			isa = XCConfigurationList;
			buildConfigurations = (
				D0C6CB68228BB27600DC0598 /* Debug */,
				D0C6CB69228BB27600DC0598 /* Release */,
			);
			defaultConfigurationIsVisible = 0;
			defaultConfigurationName = Release;
		};
		D0C6CB6A228BB27600DC0598 /* Build configuration list for PBXNativeTarget "BeeleUITests" */ = {
			isa = XCConfigurationList;
			buildConfigurations = (
				D0C6CB6B228BB27600DC0598 /* Debug */,
				D0C6CB6C228BB27600DC0598 /* Release */,
			);
			defaultConfigurationIsVisible = 0;
			defaultConfigurationName = Release;
		};
/* End XCConfigurationList section */
	};
	rootObject = D0C6CB2E228BB27500DC0598 /* Project object */;
}
